
Microsoft Visual Studio Solution File, Format Version 12.00
# Visual Studio 15
VisualStudioVersion = 15.0.28010.2036
MinimumVisualStudioVersion = 10.0.40219.1
Project("{FAE04EC0-301F-11D3-BF4B-00C04F79EFBC}") = "restaurant", "restaurant\restaurant.csproj", "{86605A8F-F7D6-4B41-A8FB-B19D362AF636}"
EndProject
Project("{FAE04EC0-301F-11D3-BF4B-00C04F79EFBC}") = "Models", "Models\Models.csproj", "{B69344CD-5151-4236-A933-AAE5415B1782}"
EndProject
Global
	GlobalSection(SolutionConfigurationPlatforms) = preSolution
		Debug|Any CPU = Debug|Any CPU
		Release|Any CPU = Release|Any CPU
	EndGlobalSection
	GlobalSection(ProjectConfigurationPlatforms) = postSolution
		{86605A8F-F7D6-4B41-A8FB-B19D362AF636}.Debug|Any CPU.ActiveCfg = Debug|Any CPU
		{86605A8F-F7D6-4B41-A8FB-B19D362AF636}.Debug|Any CPU.Build.0 = Debug|Any CPU
		{86605A8F-F7D6-4B41-A8FB-B19D362AF636}.Release|Any CPU.ActiveCfg = Release|Any CPU
		{86605A8F-F7D6-4B41-A8FB-B19D362AF636}.Release|Any CPU.Build.0 = Release|Any CPU
		{B69344CD-5151-4236-A933-AAE5415B1782}.Debug|Any CPU.ActiveCfg = Debug|Any CPU
		{B69344CD-5151-4236-A933-AAE5415B1782}.Debug|Any CPU.Build.0 = Debug|Any CPU
		{B69344CD-5151-4236-A933-AAE5415B1782}.Release|Any CPU.ActiveCfg = Release|Any CPU
		{B69344CD-5151-4236-A933-AAE5415B1782}.Release|Any CPU.Build.0 = Release|Any CPU
	EndGlobalSection
	GlobalSection(SolutionProperties) = preSolution
		HideSolutionNode = FALSE
	EndGlobalSection
	GlobalSection(ExtensibilityGlobals) = postSolution
		SolutionGuid = {707DE6D2-AC2C-4C22-9714-226C4D61E5DE}
	EndGlobalSection
EndGlobal
